
Microsoft Visual Studio Solution File, Format Version 12.00
# Visual Studio Version 16
VisualStudioVersion = 16.0.29905.134
MinimumVisualStudioVersion = 10.0.40219.1
Project("{FAE04EC0-301F-11D3-BF4B-00C04F79EFBC}") = "20200410_HashtableVsDictionary", "20200410_HashtableVsDictionary\20200410_HashtableVsDictionary.csproj", "{B819E386-515D-44FE-8902-FB5AC3E83A23}"
EndProject
Global
	GlobalSection(SolutionConfigurationPlatforms) = preSolution
		Debug|Any CPU = Debug|Any CPU
		Release|Any CPU = Release|Any CPU
	EndGlobalSection
	GlobalSection(ProjectConfigurationPlatforms) = postSolution
		{B819E386-515D-44FE-8902-FB5AC3E83A23}.Debug|Any CPU.ActiveCfg = Debug|Any CPU
		{B819E386-515D-44FE-8902-FB5AC3E83A23}.Debug|Any CPU.Build.0 = Debug|Any CPU
		{B819E386-515D-44FE-8902-FB5AC3E83A23}.Release|Any CPU.ActiveCfg = Release|Any CPU
		{B819E386-515D-44FE-8902-FB5AC3E83A23}.Release|Any CPU.Build.0 = Release|Any CPU
	EndGlobalSection
	GlobalSection(SolutionProperties) = preSolution
		HideSolutionNode = FALSE
	EndGlobalSection
	GlobalSection(ExtensibilityGlobals) = postSolution
		SolutionGuid = {5B0C8868-F504-448D-A020-AD5E0B084E74}
	EndGlobalSection
EndGlobal
